PODS:
  - Masonry (1.1.0)
  - MMMCategory (0.0.9):
    - Masonry
    - MMMCategory/Foundation (= 0.0.9)
    - MMMCategory/UIKit (= 0.0.9)
  - MMMCategory/Foundation (0.0.9):
    - Masonry
  - MMMCategory/UIKit (0.0.9):
    - Masonry
  - YYKit (1.0.9):
    - YYKit/no-arc (= 1.0.9)
  - YYKit/no-arc (1.0.9)

DEPENDENCIES:
  - MMMCategory
  - YYKit

SPEC CHECKSUMS:
  Masonry: 678fab65091a9290e40e2832a55e7ab731aad201
  MMMCategory: e00f5d3a48cf5e221b408426b2aa37defee1311a
  YYKit: 7cda43304a8dc3696c449041e2cb3107b4e236e7

PODFILE CHECKSUM: 42d660de64898d37cdfe03d438c16a2f7a882a91

COCOAPODS: 1.4.0
