PODS:
  - Masonry (1.1.0)
  - MMMCategory (0.0.9):
    - Masonry
    - MMMCategory/Foundation (= 0.0.9)
    - MMMCategory/UIKit (= 0.0.9)
  - MMMCategory/Foundation (0.0.9):
    - Masonry
  - MMMCategory/UIKit (0.0.9):
    - Masonry
  - YYCache (1.0.4)
  - YYImage (1.0.4):
    - YYImage/Core (= 1.0.4)
  - YYImage/Core (1.0.4)
  - YYWebImage (1.0.5):
    - YYCache
    - YYImage

DEPENDENCIES:
  - MMMCategory
  - YYWebImage

SPEC CHECKSUMS:
  Masonry: 678fab65091a9290e40e2832a55e7ab731aad201
  MMMCategory: e00f5d3a48cf5e221b408426b2aa37defee1311a
  YYCache: 8105b6638f5e849296c71f331ff83891a4942952
  YYImage: 1e1b62a9997399593e4b9c4ecfbbabbf1d3f3b54
  YYWebImage: 5f7f36aee2ae293f016d418c7d6ba05c4863e928

PODFILE CHECKSUM: d760fd020b4c5500546cf6ec96e94003f18d2663

COCOAPODS: 1.4.0
